
Microsoft Visual Studio Solution File, Format Version 12.00
# Visual Studio Version 16
VisualStudioVersion = 16.0.28803.202
MinimumVisualStudioVersion = 10.0.40219.1
Project("{FAE04EC0-301F-11D3-BF4B-00C04F79EFBC}") = "SmallProg", "SmallProg\SmallProg.csproj", "{D7BAC864-798A-4805-A836-E6DCBBE89FA0}"
EndProject
Project("{FAE04EC0-301F-11D3-BF4B-00C04F79EFBC}") = "TestMathNet", "TestMathNet\TestMathNet.csproj", "{C2CF8238-031C-47DD-BE69-F186AA9449D0}"
EndProject
Project("{FAE04EC0-301F-11D3-BF4B-00C04F79EFBC}") = "GetDXFInfo", "GetDXFInfo\GetDXFInfo.csproj", "{6947A9EA-9F8D-4294-BE35-4595F394B631}"
EndProject
Project("{FAE04EC0-301F-11D3-BF4B-00C04F79EFBC}") = "AsyncTest", "AsyncTest\AsyncTest.csproj", "{B31F2CC0-AB03-4ADA-9ED1-ACD1B456C764}"
EndProject
Project("{FAE04EC0-301F-11D3-BF4B-00C04F79EFBC}") = "EYDataProcess", "EYDataProcess\EYDataProcess.csproj", "{CA32A095-80F4-41D1-8950-7362561DBE3D}"
EndProject
Project("{FAE04EC0-301F-11D3-BF4B-00C04F79EFBC}") = "TestDiagonse", "TestDiagonse\TestDiagonse.csproj", "{0328846D-B5DF-4707-86CA-6BD2EA970107}"
EndProject
Project("{FAE04EC0-301F-11D3-BF4B-00C04F79EFBC}") = "EYDataTransform", "EYDataTransform\EYDataTransform.csproj", "{2BEC036F-DCC4-475D-AF6F-3D588EA3DD67}"
EndProject
Project("{FAE04EC0-301F-11D3-BF4B-00C04F79EFBC}") = "TestSQL", "TestSQL\TestSQL.csproj", "{9ECB838F-4147-4429-AAF7-27918340F398}"
EndProject
Project("{FAE04EC0-301F-11D3-BF4B-00C04F79EFBC}") = "TestEntendedXmlSerializer", "TestEntendedXmlSerializer\TestEntendedXmlSerializer.csproj", "{FC23C030-C1BB-4798-9972-15CF7113B1D5}"
EndProject
Project("{FAE04EC0-301F-11D3-BF4B-00C04F79EFBC}") = "MVVMLightDemo", "MVVMLightDemo\MVVMLightDemo.csproj", "{45E09188-EC4B-48CB-B2E9-8A94E69E2750}"
EndProject
Project("{FAE04EC0-301F-11D3-BF4B-00C04F79EFBC}") = "CodeBook", "CodeBook\CodeBook.csproj", "{F41D2E07-BBE7-45E5-95D2-1470ED3148AD}"
EndProject
Project("{FAE04EC0-301F-11D3-BF4B-00C04F79EFBC}") = "WeeklyProgressReport_Design", "WeeklyProgressReport_Design\WeeklyProgressReport_Design.csproj", "{B54A27E1-FDA6-45B1-A900-0B2CCAE631C7}"
EndProject
Project("{FAE04EC0-301F-11D3-BF4B-00C04F79EFBC}") = "CorrespondenceGenerator", "CorrespondenceGenerator\CorrespondenceGenerator.csproj", "{D70B1D74-B48D-44E2-BDE3-2E533E06E457}"
EndProject
Project("{FAE04EC0-301F-11D3-BF4B-00C04F79EFBC}") = "netdxf_text", "netdxf_text\netdxf_text.csproj", "{246CFFC0-689A-459F-A249-93EC073FE170}"
EndProject
Global
	GlobalSection(SolutionConfigurationPlatforms) = preSolution
		Debug|Any CPU = Debug|Any CPU
		Release|Any CPU = Release|Any CPU
	EndGlobalSection
	GlobalSection(ProjectConfigurationPlatforms) = postSolution
		{D7BAC864-798A-4805-A836-E6DCBBE89FA0}.Debug|Any CPU.ActiveCfg = Debug|Any CPU
		{D7BAC864-798A-4805-A836-E6DCBBE89FA0}.Debug|Any CPU.Build.0 = Debug|Any CPU
		{D7BAC864-798A-4805-A836-E6DCBBE89FA0}.Release|Any CPU.ActiveCfg = Release|Any CPU
		{D7BAC864-798A-4805-A836-E6DCBBE89FA0}.Release|Any CPU.Build.0 = Release|Any CPU
		{C2CF8238-031C-47DD-BE69-F186AA9449D0}.Debug|Any CPU.ActiveCfg = Debug|Any CPU
		{C2CF8238-031C-47DD-BE69-F186AA9449D0}.Debug|Any CPU.Build.0 = Debug|Any CPU
		{C2CF8238-031C-47DD-BE69-F186AA9449D0}.Release|Any CPU.ActiveCfg = Release|Any CPU
		{C2CF8238-031C-47DD-BE69-F186AA9449D0}.Release|Any CPU.Build.0 = Release|Any CPU
		{6947A9EA-9F8D-4294-BE35-4595F394B631}.Debug|Any CPU.ActiveCfg = Debug|Any CPU
		{6947A9EA-9F8D-4294-BE35-4595F394B631}.Debug|Any CPU.Build.0 = Debug|Any CPU
		{6947A9EA-9F8D-4294-BE35-4595F394B631}.Release|Any CPU.ActiveCfg = Release|Any CPU
		{6947A9EA-9F8D-4294-BE35-4595F394B631}.Release|Any CPU.Build.0 = Release|Any CPU
		{B31F2CC0-AB03-4ADA-9ED1-ACD1B456C764}.Debug|Any CPU.ActiveCfg = Debug|Any CPU
		{B31F2CC0-AB03-4ADA-9ED1-ACD1B456C764}.Debug|Any CPU.Build.0 = Debug|Any CPU
		{B31F2CC0-AB03-4ADA-9ED1-ACD1B456C764}.Release|Any CPU.ActiveCfg = Release|Any CPU
		{B31F2CC0-AB03-4ADA-9ED1-ACD1B456C764}.Release|Any CPU.Build.0 = Release|Any CPU
		{CA32A095-80F4-41D1-8950-7362561DBE3D}.Debug|Any CPU.ActiveCfg = Debug|Any CPU
		{CA32A095-80F4-41D1-8950-7362561DBE3D}.Debug|Any CPU.Build.0 = Debug|Any CPU
		{CA32A095-80F4-41D1-8950-7362561DBE3D}.Release|Any CPU.ActiveCfg = Release|Any CPU
		{CA32A095-80F4-41D1-8950-7362561DBE3D}.Release|Any CPU.Build.0 = Release|Any CPU
		{0328846D-B5DF-4707-86CA-6BD2EA970107}.Debug|Any CPU.ActiveCfg = Debug|Any CPU
		{0328846D-B5DF-4707-86CA-6BD2EA970107}.Debug|Any CPU.Build.0 = Debug|Any CPU
		{0328846D-B5DF-4707-86CA-6BD2EA970107}.Release|Any CPU.ActiveCfg = Release|Any CPU
		{0328846D-B5DF-4707-86CA-6BD2EA970107}.Release|Any CPU.Build.0 = Release|Any CPU
		{2BEC036F-DCC4-475D-AF6F-3D588EA3DD67}.Debug|Any CPU.ActiveCfg = Debug|Any CPU
		{2BEC036F-DCC4-475D-AF6F-3D588EA3DD67}.Debug|Any CPU.Build.0 = Debug|Any CPU
		{2BEC036F-DCC4-475D-AF6F-3D588EA3DD67}.Release|Any CPU.ActiveCfg = Release|Any CPU
		{2BEC036F-DCC4-475D-AF6F-3D588EA3DD67}.Release|Any CPU.Build.0 = Release|Any CPU
		{9ECB838F-4147-4429-AAF7-27918340F398}.Debug|Any CPU.ActiveCfg = Debug|Any CPU
		{9ECB838F-4147-4429-AAF7-27918340F398}.Debug|Any CPU.Build.0 = Debug|Any CPU
		{9ECB838F-4147-4429-AAF7-27918340F398}.Release|Any CPU.ActiveCfg = Release|Any CPU
		{9ECB838F-4147-4429-AAF7-27918340F398}.Release|Any CPU.Build.0 = Release|Any CPU
		{FC23C030-C1BB-4798-9972-15CF7113B1D5}.Debug|Any CPU.ActiveCfg = Debug|Any CPU
		{FC23C030-C1BB-4798-9972-15CF7113B1D5}.Debug|Any CPU.Build.0 = Debug|Any CPU
		{FC23C030-C1BB-4798-9972-15CF7113B1D5}.Release|Any CPU.ActiveCfg = Release|Any CPU
		{FC23C030-C1BB-4798-9972-15CF7113B1D5}.Release|Any CPU.Build.0 = Release|Any CPU
		{45E09188-EC4B-48CB-B2E9-8A94E69E2750}.Debug|Any CPU.ActiveCfg = Debug|Any CPU
		{45E09188-EC4B-48CB-B2E9-8A94E69E2750}.Debug|Any CPU.Build.0 = Debug|Any CPU
		{45E09188-EC4B-48CB-B2E9-8A94E69E2750}.Release|Any CPU.ActiveCfg = Release|Any CPU
		{45E09188-EC4B-48CB-B2E9-8A94E69E2750}.Release|Any CPU.Build.0 = Release|Any CPU
		{F41D2E07-BBE7-45E5-95D2-1470ED3148AD}.Debug|Any CPU.ActiveCfg = Debug|Any CPU
		{F41D2E07-BBE7-45E5-95D2-1470ED3148AD}.Debug|Any CPU.Build.0 = Debug|Any CPU
		{F41D2E07-BBE7-45E5-95D2-1470ED3148AD}.Release|Any CPU.ActiveCfg = Release|Any CPU
		{F41D2E07-BBE7-45E5-95D2-1470ED3148AD}.Release|Any CPU.Build.0 = Release|Any CPU
		{B54A27E1-FDA6-45B1-A900-0B2CCAE631C7}.Debug|Any CPU.ActiveCfg = Debug|Any CPU
		{B54A27E1-FDA6-45B1-A900-0B2CCAE631C7}.Debug|Any CPU.Build.0 = Debug|Any CPU
		{B54A27E1-FDA6-45B1-A900-0B2CCAE631C7}.Release|Any CPU.ActiveCfg = Release|Any CPU
		{B54A27E1-FDA6-45B1-A900-0B2CCAE631C7}.Release|Any CPU.Build.0 = Release|Any CPU
		{D70B1D74-B48D-44E2-BDE3-2E533E06E457}.Debug|Any CPU.ActiveCfg = Debug|Any CPU
		{D70B1D74-B48D-44E2-BDE3-2E533E06E457}.Debug|Any CPU.Build.0 = Debug|Any CPU
		{D70B1D74-B48D-44E2-BDE3-2E533E06E457}.Release|Any CPU.ActiveCfg = Release|Any CPU
		{D70B1D74-B48D-44E2-BDE3-2E533E06E457}.Release|Any CPU.Build.0 = Release|Any CPU
		{246CFFC0-689A-459F-A249-93EC073FE170}.Debug|Any CPU.ActiveCfg = Debug|Any CPU
		{246CFFC0-689A-459F-A249-93EC073FE170}.Debug|Any CPU.Build.0 = Debug|Any CPU
		{246CFFC0-689A-459F-A249-93EC073FE170}.Release|Any CPU.ActiveCfg = Release|Any CPU
		{246CFFC0-689A-459F-A249-93EC073FE170}.Release|Any CPU.Build.0 = Release|Any CPU
	EndGlobalSection
	GlobalSection(SolutionProperties) = preSolution
		HideSolutionNode = FALSE
	EndGlobalSection
	GlobalSection(ExtensibilityGlobals) = postSolution
		SolutionGuid = {4913A18D-CA12-460C-918C-28F85E1ABE9A}
	EndGlobalSection
EndGlobal
